// !$*UTF8*$!
{
	archiveVersion = 1;
	classes = {
	};
	objectVersion = 46;
	objects = {

/* Begin PBXBuildFile section */
		2F5CA2821541CEFC00ADF13D /* QuartzCore.framework in Frameworks */ = {isa = PBXBuildFile; fileRef = 2F5CA2811541CEFC00ADF13D /* QuartzCore.framework */; };
		2FB68B5F14D6F3CF00A42CBE /* UIKit.framework in Frameworks */ = {isa = PBXBuildFile; fileRef = 2FB68B5E14D6F3CF00A42CBE /* UIKit.framework */; };
		2FB68B6114D6F3CF00A42CBE /* Foundation.framework in Frameworks */ = {isa = PBXBuildFile; fileRef = 2FB68B6014D6F3CF00A42CBE /* Foundation.framework */; };
		2FB68B6314D6F3CF00A42CBE /* CoreGraphics.framework in Frameworks */ = {isa = PBXBuildFile; fileRef = 2FB68B6214D6F3CF00A42CBE /* CoreGraphics.framework */; };
		2FBB156714DC0C6D009F4CB6 /* CPMotionRecognizingWindow.m in Sources */ = {isa = PBXBuildFile; fileRef = 2FBB155314DC0C6D009F4CB6 /* CPMotionRecognizingWindow.m */; };
		2FBB156814DC0C6D009F4CB6 /* UIResponder+MotionRecognizers.m in Sources */ = {isa = PBXBuildFile; fileRef = 2FBB155514DC0C6D009F4CB6 /* UIResponder+MotionRecognizers.m */; };
		2FBB156914DC0C6D009F4CB6 /* CPAppDelegate.m in Sources */ = {isa = PBXBuildFile; fileRef = 2FBB155814DC0C6D009F4CB6 /* CPAppDelegate.m */; };
		2FBB156A14DC0C6D009F4CB6 /* CPChildViewController.m in Sources */ = {isa = PBXBuildFile; fileRef = 2FBB155A14DC0C6D009F4CB6 /* CPChildViewController.m */; };
		2FBB156B14DC0C6D009F4CB6 /* CPChildViewController.xib in Resources */ = {isa = PBXBuildFile; fileRef = 2FBB155B14DC0C6D009F4CB6 /* CPChildViewController.xib */; };
		2FBB156C14DC0C6D009F4CB6 /* CPViewController.m in Sources */ = {isa = PBXBuildFile; fileRef = 2FBB155D14DC0C6D009F4CB6 /* CPViewController.m */; };
		2FBB156D14DC0C6D009F4CB6 /* CPViewController_iPad.xib in Resources */ = {isa = PBXBuildFile; fileRef = 2FBB155E14DC0C6D009F4CB6 /* CPViewController_iPad.xib */; };
		2FBB156E14DC0C6D009F4CB6 /* CPViewController_iPhone.xib in Resources */ = {isa = PBXBuildFile; fileRef = 2FBB156014DC0C6D009F4CB6 /* CPViewController_iPhone.xib */; };
		2FBB156F14DC0C6D009F4CB6 /* InfoPlist.strings in Resources */ = {isa = PBXBuildFile; fileRef = 2FBB156214DC0C6D009F4CB6 /* InfoPlist.strings */; };
		2FBB157014DC0C6D009F4CB6 /* main.m in Sources */ = {isa = PBXBuildFile; fileRef = 2FBB156414DC0C6D009F4CB6 /* main.m */; };
/* End PBXBuildFile section */

/* Begin PBXFileReference section */
		2F5CA2811541CEFC00ADF13D /* QuartzCore.framework */ = {isa = PBXFileReference; lastKnownFileType = wrapper.framework; name = QuartzCore.framework; path = System/Library/Frameworks/QuartzCore.framework; sourceTree = SDKROOT; };
		2FB68B5A14D6F3CF00A42CBE /* RootControllerAsFirstResponder.app */ = {isa = PBXFileReference; explicitFileType = wrapper.application; includeInIndex = 0; path = RootControllerAsFirstResponder.app; sourceTree = BUILT_PRODUCTS_DIR; };
		2FB68B5E14D6F3CF00A42CBE /* UIKit.framework */ = {isa = PBXFileReference; lastKnownFileType = wrapper.framework; name = UIKit.framework; path = System/Library/Frameworks/UIKit.framework; sourceTree = SDKROOT; };
		2FB68B6014D6F3CF00A42CBE /* Foundation.framework */ = {isa = PBXFileReference; lastKnownFileType = wrapper.framework; name = Foundation.framework; path = System/Library/Frameworks/Foundation.framework; sourceTree = SDKROOT; };
		2FB68B6214D6F3CF00A42CBE /* CoreGraphics.framework */ = {isa = PBXFileReference; lastKnownFileType = wrapper.framework; name = CoreGraphics.framework; path = System/Library/Frameworks/CoreGraphics.framework; sourceTree = SDKROOT; };
		2FBB155214DC0C6D009F4CB6 /* CPMotionRecognizingWindow.h */ = {isa = PBXFileReference; fileEncoding = 4; lastKnownFileType = sourcecode.c.h; path = CPMotionRecognizingWindow.h; sourceTree = "<group>"; };
		2FBB155314DC0C6D009F4CB6 /* CPMotionRecognizingWindow.m */ = {isa = PBXFileReference; fileEncoding = 4; lastKnownFileType = sourcecode.c.objc; path = CPMotionRecognizingWindow.m; sourceTree = "<group>"; };
		2FBB155414DC0C6D009F4CB6 /* UIResponder+MotionRecognizers.h */ = {isa = PBXFileReference; fileEncoding = 4; lastKnownFileType = sourcecode.c.h; path = "UIResponder+MotionRecognizers.h"; sourceTree = "<group>"; };
		2FBB155514DC0C6D009F4CB6 /* UIResponder+MotionRecognizers.m */ = {isa = PBXFileReference; fileEncoding = 4; lastKnownFileType = sourcecode.c.objc; path = "UIResponder+MotionRecognizers.m"; sourceTree = "<group>"; };
		2FBB155714DC0C6D009F4CB6 /* CPAppDelegate.h */ = {isa = PBXFileReference; fileEncoding = 4; lastKnownFileType = sourcecode.c.h; path = CPAppDelegate.h; sourceTree = "<group>"; };
		2FBB155814DC0C6D009F4CB6 /* CPAppDelegate.m */ = {isa = PBXFileReference; fileEncoding = 4; lastKnownFileType = sourcecode.c.objc; path = CPAppDelegate.m; sourceTree = "<group>"; };
		2FBB155914DC0C6D009F4CB6 /* CPChildViewController.h */ = {isa = PBXFileReference; fileEncoding = 4; lastKnownFileType = sourcecode.c.h; path = CPChildViewController.h; sourceTree = "<group>"; };
		2FBB155A14DC0C6D009F4CB6 /* CPChildViewController.m */ = {isa = PBXFileReference; fileEncoding = 4; lastKnownFileType = sourcecode.c.objc; path = CPChildViewController.m; sourceTree = "<group>"; };
		2FBB155B14DC0C6D009F4CB6 /* CPChildViewController.xib */ = {isa = PBXFileReference; fileEncoding = 4; lastKnownFileType = file.xib; path = CPChildViewController.xib; sourceTree = "<group>"; };
		2FBB155C14DC0C6D009F4CB6 /* CPViewController.h */ = {isa = PBXFileReference; fileEncoding = 4; lastKnownFileType = sourcecode.c.h; path = CPViewController.h; sourceTree = "<group>"; };
		2FBB155D14DC0C6D009F4CB6 /* CPViewController.m */ = {isa = PBXFileReference; fileEncoding = 4; lastKnownFileType = sourcecode.c.objc; path = CPViewController.m; sourceTree = "<group>"; };
		2FBB155F14DC0C6D009F4CB6 /* en */ = {isa = PBXFileReference; lastKnownFileType = file.xib; name = en; path = en.lproj/CPViewController_iPad.xib; sourceTree = "<group>"; };
		2FBB156114DC0C6D009F4CB6 /* en */ = {isa = PBXFileReference; lastKnownFileType = file.xib; name = en; path = en.lproj/CPViewController_iPhone.xib; sourceTree = "<group>"; };
		2FBB156314DC0C6D009F4CB6 /* en */ = {isa = PBXFileReference; lastKnownFileType = text.plist.strings; name = en; path = en.lproj/InfoPlist.strings; sourceTree = "<group>"; };
		2FBB156414DC0C6D009F4CB6 /* main.m */ = {isa = PBXFileReference; fileEncoding = 4; lastKnownFileType = sourcecode.c.objc; path = main.m; sourceTree = "<group>"; };
		2FBB156514DC0C6D009F4CB6 /* RootControllerAsFirstResponder-Info.plist */ = {isa = PBXFileReference; fileEncoding = 4; lastKnownFileType = text.plist.xml; path = "RootControllerAsFirstResponder-Info.plist"; sourceTree = "<group>"; };
		2FBB156614DC0C6D009F4CB6 /* RootControllerAsFirstResponder-Prefix.pch */ = {isa = PBXFileReference; fileEncoding = 4; lastKnownFileType = sourcecode.c.h; path = "RootControllerAsFirstResponder-Prefix.pch"; sourceTree = "<group>"; };
/* End PBXFileReference section */

/* Begin PBXFrameworksBuildPhase section */
		2FB68B5714D6F3CF00A42CBE /* Frameworks */ = {
			isa = PBXFrameworksBuildPhase;
			buildActionMask = 2147483647;
			files = (
				2F5CA2821541CEFC00ADF13D /* QuartzCore.framework in Frameworks */,
				2FB68B5F14D6F3CF00A42CBE /* UIKit.framework in Frameworks */,
				2FB68B6114D6F3CF00A42CBE /* Foundation.framework in Frameworks */,
				2FB68B6314D6F3CF00A42CBE /* CoreGraphics.framework in Frameworks */,
			);
			runOnlyForDeploymentPostprocessing = 0;
		};
/* End PBXFrameworksBuildPhase section */

/* Begin PBXGroup section */
		2FB68B4F14D6F3CF00A42CBE = {
			isa = PBXGroup;
			children = (
				2F5CA2811541CEFC00ADF13D /* QuartzCore.framework */,
				2FBB155114DC0C6D009F4CB6 /* Component */,
				2FBB155614DC0C6D009F4CB6 /* Demo */,
				2FB68B5D14D6F3CF00A42CBE /* Frameworks */,
				2FB68B5B14D6F3CF00A42CBE /* Products */,
			);
			sourceTree = "<group>";
		};
		2FB68B5B14D6F3CF00A42CBE /* Products */ = {
			isa = PBXGroup;
			children = (
				2FB68B5A14D6F3CF00A42CBE /* RootControllerAsFirstResponder.app */,
			);
			name = Products;
			sourceTree = "<group>";
		};
		2FB68B5D14D6F3CF00A42CBE /* Frameworks */ = {
			isa = PBXGroup;
			children = (
				2FB68B5E14D6F3CF00A42CBE /* UIKit.framework */,
				2FB68B6014D6F3CF00A42CBE /* Foundation.framework */,
				2FB68B6214D6F3CF00A42CBE /* CoreGraphics.framework */,
			);
			name = Frameworks;
			sourceTree = "<group>";
		};
		2FBB155114DC0C6D009F4CB6 /* Component */ = {
			isa = PBXGroup;
			children = (
				2FBB155214DC0C6D009F4CB6 /* CPMotionRecognizingWindow.h */,
				2FBB155314DC0C6D009F4CB6 /* CPMotionRecognizingWindow.m */,
				2FBB155414DC0C6D009F4CB6 /* UIResponder+MotionRecognizers.h */,
				2FBB155514DC0C6D009F4CB6 /* UIResponder+MotionRecognizers.m */,
			);
			path = Component;
			sourceTree = "<group>";
		};
		2FBB155614DC0C6D009F4CB6 /* Demo */ = {
			isa = PBXGroup;
			children = (
				2FBB155714DC0C6D009F4CB6 /* CPAppDelegate.h */,
				2FBB155814DC0C6D009F4CB6 /* CPAppDelegate.m */,
				2FBB155C14DC0C6D009F4CB6 /* CPViewController.h */,
				2FBB155D14DC0C6D009F4CB6 /* CPViewController.m */,
				2FBB155E14DC0C6D009F4CB6 /* CPViewController_iPad.xib */,
				2FBB155914DC0C6D009F4CB6 /* CPChildViewController.h */,
				2FBB155A14DC0C6D009F4CB6 /* CPChildViewController.m */,
				2FBB155B14DC0C6D009F4CB6 /* CPChildViewController.xib */,
				2FBB156014DC0C6D009F4CB6 /* CPViewController_iPhone.xib */,
				2FBB156214DC0C6D009F4CB6 /* InfoPlist.strings */,
				2FBB156414DC0C6D009F4CB6 /* main.m */,
				2FBB156514DC0C6D009F4CB6 /* RootControllerAsFirstResponder-Info.plist */,
				2FBB156614DC0C6D009F4CB6 /* RootControllerAsFirstResponder-Prefix.pch */,
			);
			path = Demo;
			sourceTree = "<group>";
		};
/* End PBXGroup section */

/* Begin PBXNativeTarget section */
		2FB68B5914D6F3CF00A42CBE /* RootControllerAsFirstResponder */ = {
			isa = PBXNativeTarget;
			buildConfigurationList = 2FB68B7B14D6F3CF00A42CBE /* Build configuration list for PBXNativeTarget "RootControllerAsFirstResponder" */;
			buildPhases = (
				2FB68B5614D6F3CF00A42CBE /* Sources */,
				2FB68B5714D6F3CF00A42CBE /* Frameworks */,
				2FB68B5814D6F3CF00A42CBE /* Resources */,
			);
			buildRules = (
			);
			dependencies = (
			);
			name = RootControllerAsFirstResponder;
			productName = RootControllerAsFirstResponder;
			productReference = 2FB68B5A14D6F3CF00A42CBE /* RootControllerAsFirstResponder.app */;
			productType = "com.apple.product-type.application";
		};
/* End PBXNativeTarget section */

/* Begin PBXProject section */
		2FB68B5114D6F3CF00A42CBE /* Project object */ = {
			isa = PBXProject;
			attributes = {
				LastUpgradeCheck = 0420;
				ORGANIZATIONNAME = compeople;
			};
			buildConfigurationList = 2FB68B5414D6F3CF00A42CBE /* Build configuration list for PBXProject "RootControllerAsFirstResponder" */;
			compatibilityVersion = "Xcode 3.2";
			developmentRegion = English;
			hasScannedForEncodings = 0;
			knownRegions = (
				en,
			);
			mainGroup = 2FB68B4F14D6F3CF00A42CBE;
			productRefGroup = 2FB68B5B14D6F3CF00A42CBE /* Products */;
			projectDirPath = "";
			projectRoot = "";
			targets = (
				2FB68B5914D6F3CF00A42CBE /* RootControllerAsFirstResponder */,
			);
		};
/* End PBXProject section */

/* Begin PBXResourcesBuildPhase section */
		2FB68B5814D6F3CF00A42CBE /* Resources */ = {
			isa = PBXResourcesBuildPhase;
			buildActionMask = 2147483647;
			files = (
				2FBB156B14DC0C6D009F4CB6 /* CPChildViewController.xib in Resources */,
				2FBB156D14DC0C6D009F4CB6 /* CPViewController_iPad.xib in Resources */,
				2FBB156E14DC0C6D009F4CB6 /* CPViewController_iPhone.xib in Resources */,
				2FBB156F14DC0C6D009F4CB6 /* InfoPlist.strings in Resources */,
			);
			runOnlyForDeploymentPostprocessing = 0;
		};
/* End PBXResourcesBuildPhase section */

/* Begin PBXSourcesBuildPhase section */
		2FB68B5614D6F3CF00A42CBE /* Sources */ = {
			isa = PBXSourcesBuildPhase;
			buildActionMask = 2147483647;
			files = (
				2FBB156714DC0C6D009F4CB6 /* CPMotionRecognizingWindow.m in Sources */,
				2FBB156814DC0C6D009F4CB6 /* UIResponder+MotionRecognizers.m in Sources */,
				2FBB156914DC0C6D009F4CB6 /* CPAppDelegate.m in Sources */,
				2FBB156A14DC0C6D009F4CB6 /* CPChildViewController.m in Sources */,
				2FBB156C14DC0C6D009F4CB6 /* CPViewController.m in Sources */,
				2FBB157014DC0C6D009F4CB6 /* main.m in Sources */,
			);
			runOnlyForDeploymentPostprocessing = 0;
		};
/* End PBXSourcesBuildPhase section */

/* Begin PBXVariantGroup section */
		2FBB155E14DC0C6D009F4CB6 /* CPViewController_iPad.xib */ = {
			isa = PBXVariantGroup;
			children = (
				2FBB155F14DC0C6D009F4CB6 /* en */,
			);
			name = CPViewController_iPad.xib;
			sourceTree = "<group>";
		};
		2FBB156014DC0C6D009F4CB6 /* CPViewController_iPhone.xib */ = {
			isa = PBXVariantGroup;
			children = (
				2FBB156114DC0C6D009F4CB6 /* en */,
			);
			name = CPViewController_iPhone.xib;
			sourceTree = "<group>";
		};
		2FBB156214DC0C6D009F4CB6 /* InfoPlist.strings */ = {
			isa = PBXVariantGroup;
			children = (
				2FBB156314DC0C6D009F4CB6 /* en */,
			);
			name = InfoPlist.strings;
			sourceTree = "<group>";
		};
/* End PBXVariantGroup section */

/* Begin XCBuildConfiguration section */
		2FB68B7914D6F3CF00A42CBE /* Debug */ = {
			isa = XCBuildConfiguration;
			buildSettings = {
				ALWAYS_SEARCH_USER_PATHS = NO;
				ARCHS = "$(ARCHS_STANDARD_32_BIT)";
				CLANG_ENABLE_OBJC_ARC = YES;
				"CODE_SIGN_IDENTITY[sdk=iphoneos*]" = "iPhone Developer";
				COPY_PHASE_STRIP = NO;
				GCC_C_LANGUAGE_STANDARD = gnu99;
				GCC_DYNAMIC_NO_PIC = NO;
				GCC_OPTIMIZATION_LEVEL = 0;
				GCC_PREPROCESSOR_DEFINITIONS = (
					"DEBUG=1",
					"$(inherited)",
				);
				GCC_SYMBOLS_PRIVATE_EXTERN = NO;
				GCC_VERSION = com.apple.compilers.llvm.clang.1_0;
				GCC_WARN_ABOUT_MISSING_PROTOTYPES = YES;
				GCC_WARN_ABOUT_RETURN_TYPE = YES;
				GCC_WARN_UNUSED_VARIABLE = YES;
				IPHONEOS_DEPLOYMENT_TARGET = 5.0;
				SDKROOT = iphoneos;
				TARGETED_DEVICE_FAMILY = "1,2";
			};
			name = Debug;
		};
		2FB68B7A14D6F3CF00A42CBE /* Release */ = {
			isa = XCBuildConfiguration;
			buildSettings = {
				ALWAYS_SEARCH_USER_PATHS = NO;
				ARCHS = "$(ARCHS_STANDARD_32_BIT)";
				CLANG_ENABLE_OBJC_ARC = YES;
				"CODE_SIGN_IDENTITY[sdk=iphoneos*]" = "iPhone Developer";
				COPY_PHASE_STRIP = YES;
				GCC_C_LANGUAGE_STANDARD = gnu99;
				GCC_VERSION = com.apple.compilers.llvm.clang.1_0;
				GCC_WARN_ABOUT_MISSING_PROTOTYPES = YES;
				GCC_WARN_ABOUT_RETURN_TYPE = YES;
				GCC_WARN_UNUSED_VARIABLE = YES;
				IPHONEOS_DEPLOYMENT_TARGET = 5.0;
				OTHER_CFLAGS = "-DNS_BLOCK_ASSERTIONS=1";
				SDKROOT = iphoneos;
				TARGETED_DEVICE_FAMILY = "1,2";
				VALIDATE_PRODUCT = YES;
			};
			name = Release;
		};
		2FB68B7C14D6F3CF00A42CBE /* Debug */ = {
			isa = XCBuildConfiguration;
			buildSettings = {
				GCC_PRECOMPILE_PREFIX_HEADER = YES;
				GCC_PREFIX_HEADER = "Demo/RootControllerAsFirstResponder-Prefix.pch";
				INFOPLIST_FILE = "Demo/RootControllerAsFirstResponder-Info.plist";
				IPHONEOS_DEPLOYMENT_TARGET = 4.3;
				PRODUCT_NAME = "$(TARGET_NAME)";
				WRAPPER_EXTENSION = app;
			};
			name = Debug;
		};
		2FB68B7D14D6F3CF00A42CBE /* Release */ = {
			isa = XCBuildConfiguration;
			buildSettings = {
				GCC_PRECOMPILE_PREFIX_HEADER = YES;
				GCC_PREFIX_HEADER = "Demo/RootControllerAsFirstResponder-Prefix.pch";
				INFOPLIST_FILE = "Demo/RootControllerAsFirstResponder-Info.plist";
				IPHONEOS_DEPLOYMENT_TARGET = 4.3;
				PRODUCT_NAME = "$(TARGET_NAME)";
				WRAPPER_EXTENSION = app;
			};
			name = Release;
		};
/* End XCBuildConfiguration section */

/* Begin XCConfigurationList section */
		2FB68B5414D6F3CF00A42CBE /* Build configuration list for PBXProject "RootControllerAsFirstResponder" */ = {
			isa = XCConfigurationList;
			buildConfigurations = (
				2FB68B7914D6F3CF00A42CBE /* Debug */,
				2FB68B7A14D6F3CF00A42CBE /* Release */,
			);
			defaultConfigurationIsVisible = 0;
			defaultConfigurationName = Release;
		};
		2FB68B7B14D6F3CF00A42CBE /* Build configuration list for PBXNativeTarget "RootControllerAsFirstResponder" */ = {
			isa = XCConfigurationList;
			buildConfigurations = (
				2FB68B7C14D6F3CF00A42CBE /* Debug */,
				2FB68B7D14D6F3CF00A42CBE /* Release */,
			);
			defaultConfigurationIsVisible = 0;
			defaultConfigurationName = Release;
		};
/* End XCConfigurationList section */
	};
	rootObject = 2FB68B5114D6F3CF00A42CBE /* Project object */;
}
